
Microsoft Visual Studio Solution File, Format Version 12.00
# Visual Studio Version 17
VisualStudioVersion = 17.8.34322.80
MinimumVisualStudioVersion = 10.0.40219.1
Project("{FAE04EC0-301F-11D3-BF4B-00C04F79EFBC}") = "UserCRUD", "UserCRUD\UserCRUD.csproj", "{FF4F3317-EC17-4E68-BEFF-32D146D68972}"
EndProject
Global
	GlobalSection(SolutionConfigurationPlatforms) = preSolution
		Debug|Any CPU = Debug|Any CPU
		Release|Any CPU = Release|Any CPU
	EndGlobalSection
	GlobalSection(ProjectConfigurationPlatforms) = postSolution
		{FF4F3317-EC17-4E68-BEFF-32D146D68972}.Debug|Any CPU.ActiveCfg = Debug|Any CPU
		{FF4F3317-EC17-4E68-BEFF-32D146D68972}.Debug|Any CPU.Build.0 = Debug|Any CPU
		{FF4F3317-EC17-4E68-BEFF-32D146D68972}.Release|Any CPU.ActiveCfg = Release|Any CPU
		{FF4F3317-EC17-4E68-BEFF-32D146D68972}.Release|Any CPU.Build.0 = Release|Any CPU
	EndGlobalSection
	GlobalSection(SolutionProperties) = preSolution
		HideSolutionNode = FALSE
	EndGlobalSection
	GlobalSection(ExtensibilityGlobals) = postSolution
		SolutionGuid = {4455AA19-B793-4630-9856-85F290E5C290}
	EndGlobalSection
EndGlobal
